// !$*UTF8*$!
{
	archiveVersion = 1;
	classes = {
	};
	objectVersion = 46;
	objects = {

/* Begin PBXBuildFile section */
		3F1F7F6E1D782F96007B429D /* main.m in Sources */ = {isa = PBXBuildFile; fileRef = 3F1F7F6D1D782F96007B429D /* main.m */; };
		3F1F7F711D782F96007B429D /* AppDelegate.m in Sources */ = {isa = PBXBuildFile; fileRef = 3F1F7F701D782F96007B429D /* AppDelegate.m */; };
		3F1F7F741D782F96007B429D /* ViewController.m in Sources */ = {isa = PBXBuildFile; fileRef = 3F1F7F731D782F96007B429D /* ViewController.m */; };
		3F1F7F771D782F96007B429D /* Main.storyboard in Resources */ = {isa = PBXBuildFile; fileRef = 3F1F7F751D782F96007B429D /* Main.storyboard */; };
		3F1F7F791D782F96007B429D /* Assets.xcassets in Resources */ = {isa = PBXBuildFile; fileRef = 3F1F7F781D782F96007B429D /* Assets.xcassets */; };
		3F1F7F7C1D782F96007B429D /* LaunchScreen.storyboard in Resources */ = {isa = PBXBuildFile; fileRef = 3F1F7F7A1D782F96007B429D /* LaunchScreen.storyboard */; };
/* End PBXBuildFile section */

/* Begin PBXFileReference section */
		3F1F7F691D782F96007B429D /* B.app */ = {isa = PBXFileReference; explicitFileType = wrapper.application; includeInIndex = 0; path = B.app; sourceTree = BUILT_PRODUCTS_DIR; };
		3F1F7F6D1D782F96007B429D /* main.m */ = {isa = PBXFileReference; lastKnownFileType = sourcecode.c.objc; path = main.m; sourceTree = "<group>"; };
		3F1F7F6F1D782F96007B429D /* AppDelegate.h */ = {isa = PBXFileReference; lastKnownFileType = sourcecode.c.h; path = AppDelegate.h; sourceTree = "<group>"; };
		3F1F7F701D782F96007B429D /* AppDelegate.m */ = {isa = PBXFileReference; lastKnownFileType = sourcecode.c.objc; path = AppDelegate.m; sourceTree = "<group>"; };
		3F1F7F721D782F96007B429D /* ViewController.h */ = {isa = PBXFileReference; lastKnownFileType = sourcecode.c.h; path = ViewController.h; sourceTree = "<group>"; };
		3F1F7F731D782F96007B429D /* ViewController.m */ = {isa = PBXFileReference; lastKnownFileType = sourcecode.c.objc; path = ViewController.m; sourceTree = "<group>"; };
		3F1F7F761D782F96007B429D /* Base */ = {isa = PBXFileReference; lastKnownFileType = file.storyboard; name = Base; path = Base.lproj/Main.storyboard; sourceTree = "<group>"; };
		3F1F7F781D782F96007B429D /* Assets.xcassets */ = {isa = PBXFileReference; lastKnownFileType = folder.assetcatalog; path = Assets.xcassets; sourceTree = "<group>"; };
		3F1F7F7B1D782F96007B429D /* Base */ = {isa = PBXFileReference; lastKnownFileType = file.storyboard; name = Base; path = Base.lproj/LaunchScreen.storyboard; sourceTree = "<group>"; };
		3F1F7F7D1D782F96007B429D /* Info.plist */ = {isa = PBXFileReference; lastKnownFileType = text.plist.xml; path = Info.plist; sourceTree = "<group>"; };
/* End PBXFileReference section */

/* Begin PBXFrameworksBuildPhase section */
		3F1F7F661D782F96007B429D /* Frameworks */ = {
			isa = PBXFrameworksBuildPhase;
			buildActionMask = 2147483647;
			files = (
			);
			runOnlyForDeploymentPostprocessing = 0;
		};
/* End PBXFrameworksBuildPhase section */

/* Begin PBXGroup section */
		3F1F7F601D782F96007B429D = {
			isa = PBXGroup;
			children = (
				3F1F7F6B1D782F96007B429D /* B */,
				3F1F7F6A1D782F96007B429D /* Products */,
			);
			sourceTree = "<group>";
		};
		3F1F7F6A1D782F96007B429D /* Products */ = {
			isa = PBXGroup;
			children = (
				3F1F7F691D782F96007B429D /* B.app */,
			);
			name = Products;
			sourceTree = "<group>";
		};
		3F1F7F6B1D782F96007B429D /* B */ = {
			isa = PBXGroup;
			children = (
				3F1F7F6F1D782F96007B429D /* AppDelegate.h */,
				3F1F7F701D782F96007B429D /* AppDelegate.m */,
				3F1F7F721D782F96007B429D /* ViewController.h */,
				3F1F7F731D782F96007B429D /* ViewController.m */,
				3F1F7F751D782F96007B429D /* Main.storyboard */,
				3F1F7F781D782F96007B429D /* Assets.xcassets */,
				3F1F7F7A1D782F96007B429D /* LaunchScreen.storyboard */,
				3F1F7F7D1D782F96007B429D /* Info.plist */,
				3F1F7F6C1D782F96007B429D /* Supporting Files */,
			);
			path = B;
			sourceTree = "<group>";
		};
		3F1F7F6C1D782F96007B429D /* Supporting Files */ = {
			isa = PBXGroup;
			children = (
				3F1F7F6D1D782F96007B429D /* main.m */,
			);
			name = "Supporting Files";
			sourceTree = "<group>";
		};
/* End PBXGroup section */

/* Begin PBXNativeTarget section */
		3F1F7F681D782F96007B429D /* B */ = {
			isa = PBXNativeTarget;
			buildConfigurationList = 3F1F7F801D782F96007B429D /* Build configuration list for PBXNativeTarget "B" */;
			buildPhases = (
				3F1F7F651D782F96007B429D /* Sources */,
				3F1F7F661D782F96007B429D /* Frameworks */,
				3F1F7F671D782F96007B429D /* Resources */,
			);
			buildRules = (
			);
			dependencies = (
			);
			name = B;
			productName = B;
			productReference = 3F1F7F691D782F96007B429D /* B.app */;
			productType = "com.apple.product-type.application";
		};
/* End PBXNativeTarget section */

/* Begin PBXProject section */
		3F1F7F611D782F96007B429D /* Project object */ = {
			isa = PBXProject;
			attributes = {
				LastUpgradeCheck = 0730;
				ORGANIZATIONNAME = syd;
				TargetAttributes = {
					3F1F7F681D782F96007B429D = {
						CreatedOnToolsVersion = 7.3.1;
					};
				};
			};
			buildConfigurationList = 3F1F7F641D782F96007B429D /* Build configuration list for PBXProject "B" */;
			compatibilityVersion = "Xcode 3.2";
			developmentRegion = English;
			hasScannedForEncodings = 0;
			knownRegions = (
				en,
				Base,
			);
			mainGroup = 3F1F7F601D782F96007B429D;
			productRefGroup = 3F1F7F6A1D782F96007B429D /* Products */;
			projectDirPath = "";
			projectRoot = "";
			targets = (
				3F1F7F681D782F96007B429D /* B */,
			);
		};
/* End PBXProject section */

/* Begin PBXResourcesBuildPhase section */
		3F1F7F671D782F96007B429D /* Resources */ = {
			isa = PBXResourcesBuildPhase;
			buildActionMask = 2147483647;
			files = (
				3F1F7F7C1D782F96007B429D /* LaunchScreen.storyboard in Resources */,
				3F1F7F791D782F96007B429D /* Assets.xcassets in Resources */,
				3F1F7F771D782F96007B429D /* Main.storyboard in Resources */,
			);
			runOnlyForDeploymentPostprocessing = 0;
		};
/* End PBXResourcesBuildPhase section */

/* Begin PBXSourcesBuildPhase section */
		3F1F7F651D782F96007B429D /* Sources */ = {
			isa = PBXSourcesBuildPhase;
			buildActionMask = 2147483647;
			files = (
				3F1F7F741D782F96007B429D /* ViewController.m in Sources */,
				3F1F7F711D782F96007B429D /* AppDelegate.m in Sources */,
				3F1F7F6E1D782F96007B429D /* main.m in Sources */,
			);
			runOnlyForDeploymentPostprocessing = 0;
		};
/* End PBXSourcesBuildPhase section */

/* Begin PBXVariantGroup section */
		3F1F7F751D782F96007B429D /* Main.storyboard */ = {
			isa = PBXVariantGroup;
			children = (
				3F1F7F761D782F96007B429D /* Base */,
			);
			name = Main.storyboard;
			sourceTree = "<group>";
		};
		3F1F7F7A1D782F96007B429D /* LaunchScreen.storyboard */ = {
			isa = PBXVariantGroup;
			children = (
				3F1F7F7B1D782F96007B429D /* Base */,
			);
			name = LaunchScreen.storyboard;
			sourceTree = "<group>";
		};
/* End PBXVariantGroup section */

/* Begin XCBuildConfiguration section */
		3F1F7F7E1D782F96007B429D /* Debug */ = {
			isa = XCBuildConfiguration;
			buildSettings = {
				ALWAYS_SEARCH_USER_PATHS = NO;
				CLANG_ANALYZER_NONNULL = YES;
				CLANG_CXX_LANGUAGE_STANDARD = "gnu++0x";
				CLANG_CXX_LIBRARY = "libc++";
				CLANG_ENABLE_MODULES = YES;
				CLANG_ENABLE_OBJC_ARC = YES;
				CLANG_WARN_BOOL_CONVERSION = YES;
				CLANG_WARN_CONSTANT_CONVERSION = YES;
				CLANG_WARN_DIRECT_OBJC_ISA_USAGE = YES_ERROR;
				CLANG_WARN_EMPTY_BODY = YES;
				CLANG_WARN_ENUM_CONVERSION = YES;
				CLANG_WARN_INT_CONVERSION = YES;
				CLANG_WARN_OBJC_ROOT_CLASS = YES_ERROR;
				CLANG_WARN_UNREACHABLE_CODE = YES;
				CLANG_WARN__DUPLICATE_METHOD_MATCH = YES;
				"CODE_SIGN_IDENTITY[sdk=iphoneos*]" = "iPhone Developer";
				COPY_PHASE_STRIP = NO;
				DEBUG_INFORMATION_FORMAT = dwarf;
				ENABLE_STRICT_OBJC_MSGSEND = YES;
				ENABLE_TESTABILITY = YES;
				GCC_C_LANGUAGE_STANDARD = gnu99;
				GCC_DYNAMIC_NO_PIC = NO;
				GCC_NO_COMMON_BLOCKS = YES;
				GCC_OPTIMIZATION_LEVEL = 0;
				GCC_PREPROCESSOR_DEFINITIONS = (
					"DEBUG=1",
					"$(inherited)",
				);
				GCC_WARN_64_TO_32_BIT_CONVERSION = YES;
				GCC_WARN_ABOUT_RETURN_TYPE = YES_ERROR;
				GCC_WARN_UNDECLARED_SELECTOR = YES;
				GCC_WARN_UNINITIALIZED_AUTOS = YES_AGGRESSIVE;
				GCC_WARN_UNUSED_FUNCTION = YES;
				GCC_WARN_UNUSED_VARIABLE = YES;
				IPHONEOS_DEPLOYMENT_TARGET = 9.3;
				MTL_ENABLE_DEBUG_INFO = YES;
				ONLY_ACTIVE_ARCH = YES;
				SDKROOT = iphoneos;
			};
			name = Debug;
		};
		3F1F7F7F1D782F96007B429D /* Release */ = {
			isa = XCBuildConfiguration;
			buildSettings = {
				ALWAYS_SEARCH_USER_PATHS = NO;
				CLANG_ANALYZER_NONNULL = YES;
				CLANG_CXX_LANGUAGE_STANDARD = "gnu++0x";
				CLANG_CXX_LIBRARY = "libc++";
				CLANG_ENABLE_MODULES = YES;
				CLANG_ENABLE_OBJC_ARC = YES;
				CLANG_WARN_BOOL_CONVERSION = YES;
				CLANG_WARN_CONSTANT_CONVERSION = YES;
				CLANG_WARN_DIRECT_OBJC_ISA_USAGE = YES_ERROR;
				CLANG_WARN_EMPTY_BODY = YES;
				CLANG_WARN_ENUM_CONVERSION = YES;
				CLANG_WARN_INT_CONVERSION = YES;
				CLANG_WARN_OBJC_ROOT_CLASS = YES_ERROR;
				CLANG_WARN_UNREACHABLE_CODE = YES;
				CLANG_WARN__DUPLICATE_METHOD_MATCH = YES;
				"CODE_SIGN_IDENTITY[sdk=iphoneos*]" = "iPhone Developer";
				COPY_PHASE_STRIP = NO;
				DEBUG_INFORMATION_FORMAT = "dwarf-with-dsym";
				ENABLE_NS_ASSERTIONS = NO;
				ENABLE_STRICT_OBJC_MSGSEND = YES;
				GCC_C_LANGUAGE_STANDARD = gnu99;
				GCC_NO_COMMON_BLOCKS = YES;
				GCC_WARN_64_TO_32_BIT_CONVERSION = YES;
				GCC_WARN_ABOUT_RETURN_TYPE = YES_ERROR;
				GCC_WARN_UNDECLARED_SELECTOR = YES;
				GCC_WARN_UNINITIALIZED_AUTOS = YES_AGGRESSIVE;
				GCC_WARN_UNUSED_FUNCTION = YES;
				GCC_WARN_UNUSED_VARIABLE = YES;
				IPHONEOS_DEPLOYMENT_TARGET = 9.3;
				MTL_ENABLE_DEBUG_INFO = NO;
				SDKROOT = iphoneos;
				VALIDATE_PRODUCT = YES;
			};
			name = Release;
		};
		3F1F7F811D782F96007B429D /* Debug */ = {
			isa = XCBuildConfiguration;
			buildSettings = {
				ASSETCATALOG_COMPILER_APPICON_NAME = AppIcon;
				INFOPLIST_FILE = B/Info.plist;
				LD_RUNPATH_SEARCH_PATHS = "$(inherited) @executable_path/Frameworks";
				PRODUCT_BUNDLE_IDENTIFIER = com.B;
				PRODUCT_NAME = "$(TARGET_NAME)";
			};
			name = Debug;
		};
		3F1F7F821D782F96007B429D /* Release */ = {
			isa = XCBuildConfiguration;
			buildSettings = {
				ASSETCATALOG_COMPILER_APPICON_NAME = AppIcon;
				INFOPLIST_FILE = B/Info.plist;
				LD_RUNPATH_SEARCH_PATHS = "$(inherited) @executable_path/Frameworks";
				PRODUCT_BUNDLE_IDENTIFIER = com.B;
				PRODUCT_NAME = "$(TARGET_NAME)";
			};
			name = Release;
		};
/* End XCBuildConfiguration section */

/* Begin XCConfigurationList section */
		3F1F7F641D782F96007B429D /* Build configuration list for PBXProject "B" */ = {
			isa = XCConfigurationList;
			buildConfigurations = (
				3F1F7F7E1D782F96007B429D /* Debug */,
				3F1F7F7F1D782F96007B429D /* Release */,
			);
			defaultConfigurationIsVisible = 0;
			defaultConfigurationName = Release;
		};
		3F1F7F801D782F96007B429D /* Build configuration list for PBXNativeTarget "B" */ = {
			isa = XCConfigurationList;
			buildConfigurations = (
				3F1F7F811D782F96007B429D /* Debug */,
				3F1F7F821D782F96007B429D /* Release */,
			);
			defaultConfigurationIsVisible = 0;
		};
/* End XCConfigurationList section */
	};
	rootObject = 3F1F7F611D782F96007B429D /* Project object */;
}
